// !$*UTF8*$!
{
	archiveVersion = 1;
	classes = {
	};
	objectVersion = 50;
	objects = {

/* Begin PBXBuildFile section */
		1659CDAB794DD9EA2FCDBBB0 /* Pods_BlockClubCalender.framework in Frameworks */ = {isa = PBXBuildFile; fileRef = B56815C7842927F229CB0286 /* Pods_BlockClubCalender.framework */; };
		1C9F26D0238881D00090A955 /* BlockClubCalenderTests in Resources */ = {isa = PBXBuildFile; fileRef = 1C9F26CE238881CF0090A955 /* BlockClubCalenderTests */; };
		1C9F26D1238881D00090A955 /* BlockClubCalenderUITests in Resources */ = {isa = PBXBuildFile; fileRef = 1C9F26CF238881CF0090A955 /* BlockClubCalenderUITests */; };
		1CFA07F22388894900F3CFD6 /* BlockClubCalenderTests2.swift in Sources */ = {isa = PBXBuildFile; fileRef = 1CFA07F12388894900F3CFD6 /* BlockClubCalenderTests2.swift */; };
		1CFA0806238889EC00F3CFD6 /* BlockClubCalenderUITests2.swift in Sources */ = {isa = PBXBuildFile; fileRef = 1CFA0805238889EC00F3CFD6 /* BlockClubCalenderUITests2.swift */; };
		1CFA080D23888A7F00F3CFD6 /* MDL.swift in Sources */ = {isa = PBXBuildFile; fileRef = 1CFA07F92388896200F3CFD6 /* MDL.swift */; };
		1CFA080E23888A8300F3CFD6 /* MockData.swift in Sources */ = {isa = PBXBuildFile; fileRef = 1CFA07FB2388896600F3CFD6 /* MockData.swift */; };
		1CFA0810238892A700F3CFD6 /* Pods_BlockClubCalender.framework in Frameworks */ = {isa = PBXBuildFile; fileRef = B56815C7842927F229CB0286 /* Pods_BlockClubCalender.framework */; };
		D32AE5BFCB4A136129A8D70B /* Pods_BlockClubCalenderTests2.framework in Frameworks */ = {isa = PBXBuildFile; fileRef = CA5E8A5FACA6DE0048D4EAE4 /* Pods_BlockClubCalenderTests2.framework */; };
		DD34165B2385F3E300359AC1 /* BearerToken.swift in Sources */ = {isa = PBXBuildFile; fileRef = DD34165A2385F3E300359AC1 /* BearerToken.swift */; };
		DD6622842383609900604838 /* LoginScreen.storyboard in Resources */ = {isa = PBXBuildFile; fileRef = DD6622832383609900604838 /* LoginScreen.storyboard */; };
		DD6622882383622C00604838 /* Signup.storyboard in Resources */ = {isa = PBXBuildFile; fileRef = DD6622872383622C00604838 /* Signup.storyboard */; };
		DD66228C2383996A00604838 /* ProfileViewController.swift in Sources */ = {isa = PBXBuildFile; fileRef = DD66228B2383996A00604838 /* ProfileViewController.swift */; };
		DD66229023839B1500604838 /* LoginViewController.swift in Sources */ = {isa = PBXBuildFile; fileRef = DD66228F23839B1500604838 /* LoginViewController.swift */; };
		DD66229223839E3400604838 /* SignupViewController.swift in Sources */ = {isa = PBXBuildFile; fileRef = DD66229123839E3400604838 /* SignupViewController.swift */; };
		DD6622942383A00B00604838 /* EventTableViewCell.swift in Sources */ = {isa = PBXBuildFile; fileRef = DD6622932383A00B00604838 /* EventTableViewCell.swift */; };
		DD6622962383A02800604838 /* EventsTableViewController.swift in Sources */ = {isa = PBXBuildFile; fileRef = DD6622952383A02800604838 /* EventsTableViewController.swift */; };
		DD6622982383A3DC00604838 /* EventRepresentation.swift in Sources */ = {isa = PBXBuildFile; fileRef = DD6622972383A3DC00604838 /* EventRepresentation.swift */; };
		DD7779DE23849C5D00AABF66 /* EventDetailViewController.swift in Sources */ = {isa = PBXBuildFile; fileRef = DD7779DD23849C5D00AABF66 /* EventDetailViewController.swift */; };
		DD7779E12384FBBD00AABF66 /* BlockClubCalender.xcdatamodeld in Sources */ = {isa = PBXBuildFile; fileRef = DD7779DF2384FBBD00AABF66 /* BlockClubCalender.xcdatamodeld */; };
		DDAD1EB72386E35E00E348D1 /* User.swift in Sources */ = {isa = PBXBuildFile; fileRef = DDAD1EB62386E35E00E348D1 /* User.swift */; };
		DDAD1EBB2386EB7200E348D1 /* UserRepresentation.swift in Sources */ = {isa = PBXBuildFile; fileRef = DDAD1EBA2386EB7200E348D1 /* UserRepresentation.swift */; };
		DDC21F6323846ABE00C5795A /* CommunityMemberController.swift in Sources */ = {isa = PBXBuildFile; fileRef = DDC21F6223846ABE00C5795A /* CommunityMemberController.swift */; };
		DDC21F6723847AF800C5795A /* AddEventViewController.swift in Sources */ = {isa = PBXBuildFile; fileRef = DDC21F6623847AF800C5795A /* AddEventViewController.swift */; };
		DDC8A67E23803B4800BD4F95 /* AppDelegate.swift in Sources */ = {isa = PBXBuildFile; fileRef = DDC8A67D23803B4800BD4F95 /* AppDelegate.swift */; };
		DDC8A68023803B4800BD4F95 /* SceneDelegate.swift in Sources */ = {isa = PBXBuildFile; fileRef = DDC8A67F23803B4800BD4F95 /* SceneDelegate.swift */; };
		DDC8A68523803B4800BD4F95 /* Main.storyboard in Resources */ = {isa = PBXBuildFile; fileRef = DDC8A68323803B4800BD4F95 /* Main.storyboard */; };
		DDC8A68723803B4800BD4F95 /* Assets.xcassets in Resources */ = {isa = PBXBuildFile; fileRef = DDC8A68623803B4800BD4F95 /* Assets.xcassets */; };
		DDC8A68A23803B4800BD4F95 /* LaunchScreen.storyboard in Resources */ = {isa = PBXBuildFile; fileRef = DDC8A68823803B4800BD4F95 /* LaunchScreen.storyboard */; };
		DDC8A69C238043CC00BD4F95 /* CoreDataStack.swift in Sources */ = {isa = PBXBuildFile; fileRef = DDC8A69B238043CC00BD4F95 /* CoreDataStack.swift */; };
		DDC8A69E238044F800BD4F95 /* NSManagedContext.swift in Sources */ = {isa = PBXBuildFile; fileRef = DDC8A69D238044F800BD4F95 /* NSManagedContext.swift */; };
		DDC8A6A523805FE400BD4F95 /* Event.swift in Sources */ = {isa = PBXBuildFile; fileRef = DDC8A6A423805FE400BD4F95 /* Event.swift */; };
/* End PBXBuildFile section */

/* Begin PBXContainerItemProxy section */
		1CFA07F42388894900F3CFD6 /* PBXContainerItemProxy */ = {
			isa = PBXContainerItemProxy;
			containerPortal = DDC8A67223803B4800BD4F95 /* Project object */;
			proxyType = 1;
			remoteGlobalIDString = DDC8A67923803B4800BD4F95;
			remoteInfo = BlockClubCalender;
		};
		1CFA0808238889EC00F3CFD6 /* PBXContainerItemProxy */ = {
			isa = PBXContainerItemProxy;
			containerPortal = DDC8A67223803B4800BD4F95 /* Project object */;
			proxyType = 1;
			remoteGlobalIDString = DDC8A67923803B4800BD4F95;
			remoteInfo = BlockClubCalender;
		};
/* End PBXContainerItemProxy section */

/* Begin PBXFileReference section */
		0B7DE4E4C62111D9E72CC83D /* Pods-BlockClubCalender.release.xcconfig */ = {isa = PBXFileReference; includeInIndex = 1; lastKnownFileType = text.xcconfig; name = "Pods-BlockClubCalender.release.xcconfig"; path = "Target Support Files/Pods-BlockClubCalender/Pods-BlockClubCalender.release.xcconfig"; sourceTree = "<group>"; };
		0FFA598F16E38D55A720176B /* Pods-BlockClubCalender.debug.xcconfig */ = {isa = PBXFileReference; includeInIndex = 1; lastKnownFileType = text.xcconfig; name = "Pods-BlockClubCalender.debug.xcconfig"; path = "Target Support Files/Pods-BlockClubCalender/Pods-BlockClubCalender.debug.xcconfig"; sourceTree = "<group>"; };
		16361FC07453AFAE8B9CE6B4 /* Pods-BlockClubCalender-BlockClubCalenderUITests2.debug.xcconfig */ = {isa = PBXFileReference; includeInIndex = 1; lastKnownFileType = text.xcconfig; name = "Pods-BlockClubCalender-BlockClubCalenderUITests2.debug.xcconfig"; path = "Target Support Files/Pods-BlockClubCalender-BlockClubCalenderUITests2/Pods-BlockClubCalender-BlockClubCalenderUITests2.debug.xcconfig"; sourceTree = "<group>"; };
		1C9F26CE238881CF0090A955 /* BlockClubCalenderTests */ = {isa = PBXFileReference; fileEncoding = 4; lastKnownFileType = text; name = BlockClubCalenderTests; path = BlockCLubCalender/BlockClubCalenderTests; sourceTree = SOURCE_ROOT; };
		1C9F26CF238881CF0090A955 /* BlockClubCalenderUITests */ = {isa = PBXFileReference; fileEncoding = 4; lastKnownFileType = text; name = BlockClubCalenderUITests; path = BlockCLubCalender/BlockClubCalenderUITests; sourceTree = SOURCE_ROOT; };
		1CFA07EF2388894900F3CFD6 /* BlockClubCalenderTests2.xctest */ = {isa = PBXFileReference; explicitFileType = wrapper.cfbundle; includeInIndex = 0; path = BlockClubCalenderTests2.xctest; sourceTree = BUILT_PRODUCTS_DIR; };
		1CFA07F12388894900F3CFD6 /* BlockClubCalenderTests2.swift */ = {isa = PBXFileReference; lastKnownFileType = sourcecode.swift; path = BlockClubCalenderTests2.swift; sourceTree = "<group>"; };
		1CFA07F32388894900F3CFD6 /* Info.plist */ = {isa = PBXFileReference; lastKnownFileType = text.plist.xml; path = Info.plist; sourceTree = "<group>"; };
		1CFA07F92388896200F3CFD6 /* MDL.swift */ = {isa = PBXFileReference; lastKnownFileType = sourcecode.swift; path = MDL.swift; sourceTree = "<group>"; };
		1CFA07FB2388896600F3CFD6 /* MockData.swift */ = {isa = PBXFileReference; lastKnownFileType = sourcecode.swift; path = MockData.swift; sourceTree = "<group>"; };
		1CFA07FD2388897900F3CFD6 /* BadMockData.json */ = {isa = PBXFileReference; lastKnownFileType = text.json; path = BadMockData.json; sourceTree = "<group>"; };
		1CFA07FE2388897D00F3CFD6 /* GoodMockData.json */ = {isa = PBXFileReference; lastKnownFileType = text.json; path = GoodMockData.json; sourceTree = "<group>"; };
		1CFA0803238889EC00F3CFD6 /* BlockClubCalenderUITests2.xctest */ = {isa = PBXFileReference; explicitFileType = wrapper.cfbundle; includeInIndex = 0; path = BlockClubCalenderUITests2.xctest; sourceTree = BUILT_PRODUCTS_DIR; };
		1CFA0805238889EC00F3CFD6 /* BlockClubCalenderUITests2.swift */ = {isa = PBXFileReference; lastKnownFileType = sourcecode.swift; path = BlockClubCalenderUITests2.swift; sourceTree = "<group>"; };
		1CFA0807238889EC00F3CFD6 /* Info.plist */ = {isa = PBXFileReference; lastKnownFileType = text.plist.xml; path = Info.plist; sourceTree = "<group>"; };
		5289E650F857D29784123077 /* Pods_BlockClubCalender_BlockClubCalenderUITests2.framework */ = {isa = PBXFileReference; explicitFileType = wrapper.framework; includeInIndex = 0; path = Pods_BlockClubCalender_BlockClubCalenderUITests2.framework; sourceTree = BUILT_PRODUCTS_DIR; };
		5DC3875D2829945CD1101F44 /* Pods-BlockClubCalenderTests2.debug.xcconfig */ = {isa = PBXFileReference; includeInIndex = 1; lastKnownFileType = text.xcconfig; name = "Pods-BlockClubCalenderTests2.debug.xcconfig"; path = "Target Support Files/Pods-BlockClubCalenderTests2/Pods-BlockClubCalenderTests2.debug.xcconfig"; sourceTree = "<group>"; };
		ACBB72D8A83822171C70E1E8 /* Pods-BlockClubCalender-BlockClubCalenderUITests2.release.xcconfig */ = {isa = PBXFileReference; includeInIndex = 1; lastKnownFileType = text.xcconfig; name = "Pods-BlockClubCalender-BlockClubCalenderUITests2.release.xcconfig"; path = "Target Support Files/Pods-BlockClubCalender-BlockClubCalenderUITests2/Pods-BlockClubCalender-BlockClubCalenderUITests2.release.xcconfig"; sourceTree = "<group>"; };
		B0BF7F665F1455E9897EB2A1 /* Pods-BlockClubCalenderTests2.release.xcconfig */ = {isa = PBXFileReference; includeInIndex = 1; lastKnownFileType = text.xcconfig; name = "Pods-BlockClubCalenderTests2.release.xcconfig"; path = "Target Support Files/Pods-BlockClubCalenderTests2/Pods-BlockClubCalenderTests2.release.xcconfig"; sourceTree = "<group>"; };
		B56815C7842927F229CB0286 /* Pods_BlockClubCalender.framework */ = {isa = PBXFileReference; explicitFileType = wrapper.framework; includeInIndex = 0; path = Pods_BlockClubCalender.framework; sourceTree = BUILT_PRODUCTS_DIR; };
		CA5E8A5FACA6DE0048D4EAE4 /* Pods_BlockClubCalenderTests2.framework */ = {isa = PBXFileReference; explicitFileType = wrapper.framework; includeInIndex = 0; path = Pods_BlockClubCalenderTests2.framework; sourceTree = BUILT_PRODUCTS_DIR; };
		DD34165A2385F3E300359AC1 /* BearerToken.swift */ = {isa = PBXFileReference; lastKnownFileType = sourcecode.swift; path = BearerToken.swift; sourceTree = "<group>"; };
		DD6622832383609900604838 /* LoginScreen.storyboard */ = {isa = PBXFileReference; lastKnownFileType = file.storyboard; path = LoginScreen.storyboard; sourceTree = "<group>"; };
		DD6622872383622C00604838 /* Signup.storyboard */ = {isa = PBXFileReference; lastKnownFileType = file.storyboard; path = Signup.storyboard; sourceTree = "<group>"; };
		DD66228B2383996A00604838 /* ProfileViewController.swift */ = {isa = PBXFileReference; lastKnownFileType = sourcecode.swift; path = ProfileViewController.swift; sourceTree = "<group>"; };
		DD66228F23839B1500604838 /* LoginViewController.swift */ = {isa = PBXFileReference; lastKnownFileType = sourcecode.swift; path = LoginViewController.swift; sourceTree = "<group>"; };
		DD66229123839E3400604838 /* SignupViewController.swift */ = {isa = PBXFileReference; lastKnownFileType = sourcecode.swift; path = SignupViewController.swift; sourceTree = "<group>"; };
		DD6622932383A00B00604838 /* EventTableViewCell.swift */ = {isa = PBXFileReference; lastKnownFileType = sourcecode.swift; path = EventTableViewCell.swift; sourceTree = "<group>"; };
		DD6622952383A02800604838 /* EventsTableViewController.swift */ = {isa = PBXFileReference; lastKnownFileType = sourcecode.swift; path = EventsTableViewController.swift; sourceTree = "<group>"; };
		DD6622972383A3DC00604838 /* EventRepresentation.swift */ = {isa = PBXFileReference; lastKnownFileType = sourcecode.swift; path = EventRepresentation.swift; sourceTree = "<group>"; };
		DD7779DD23849C5D00AABF66 /* EventDetailViewController.swift */ = {isa = PBXFileReference; lastKnownFileType = sourcecode.swift; path = EventDetailViewController.swift; sourceTree = "<group>"; };
		DD7779E02384FBBD00AABF66 /* BlockClubCalender.xcdatamodel */ = {isa = PBXFileReference; lastKnownFileType = wrapper.xcdatamodel; path = BlockClubCalender.xcdatamodel; sourceTree = "<group>"; };
		DDAD1EB62386E35E00E348D1 /* User.swift */ = {isa = PBXFileReference; lastKnownFileType = sourcecode.swift; path = User.swift; sourceTree = "<group>"; };
		DDAD1EBA2386EB7200E348D1 /* UserRepresentation.swift */ = {isa = PBXFileReference; lastKnownFileType = sourcecode.swift; path = UserRepresentation.swift; sourceTree = "<group>"; };
		DDC21F6223846ABE00C5795A /* CommunityMemberController.swift */ = {isa = PBXFileReference; lastKnownFileType = sourcecode.swift; path = CommunityMemberController.swift; sourceTree = "<group>"; };
		DDC21F6623847AF800C5795A /* AddEventViewController.swift */ = {isa = PBXFileReference; lastKnownFileType = sourcecode.swift; path = AddEventViewController.swift; sourceTree = "<group>"; };
		DDC8A67A23803B4800BD4F95 /* BlockClubCalender.app */ = {isa = PBXFileReference; explicitFileType = wrapper.application; includeInIndex = 0; path = BlockClubCalender.app; sourceTree = BUILT_PRODUCTS_DIR; };
		DDC8A67D23803B4800BD4F95 /* AppDelegate.swift */ = {isa = PBXFileReference; lastKnownFileType = sourcecode.swift; path = AppDelegate.swift; sourceTree = "<group>"; };
		DDC8A67F23803B4800BD4F95 /* SceneDelegate.swift */ = {isa = PBXFileReference; lastKnownFileType = sourcecode.swift; path = SceneDelegate.swift; sourceTree = "<group>"; };
		DDC8A68423803B4800BD4F95 /* Base */ = {isa = PBXFileReference; lastKnownFileType = file.storyboard; name = Base; path = Base.lproj/Main.storyboard; sourceTree = "<group>"; };
		DDC8A68623803B4800BD4F95 /* Assets.xcassets */ = {isa = PBXFileReference; lastKnownFileType = folder.assetcatalog; path = Assets.xcassets; sourceTree = "<group>"; };
		DDC8A68923803B4800BD4F95 /* Base */ = {isa = PBXFileReference; lastKnownFileType = file.storyboard; name = Base; path = Base.lproj/LaunchScreen.storyboard; sourceTree = "<group>"; };
		DDC8A68B23803B4800BD4F95 /* Info.plist */ = {isa = PBXFileReference; lastKnownFileType = text.plist.xml; path = Info.plist; sourceTree = "<group>"; };
		DDC8A69B238043CC00BD4F95 /* CoreDataStack.swift */ = {isa = PBXFileReference; lastKnownFileType = sourcecode.swift; path = CoreDataStack.swift; sourceTree = "<group>"; };
		DDC8A69D238044F800BD4F95 /* NSManagedContext.swift */ = {isa = PBXFileReference; lastKnownFileType = sourcecode.swift; path = NSManagedContext.swift; sourceTree = "<group>"; };
		DDC8A6A423805FE400BD4F95 /* Event.swift */ = {isa = PBXFileReference; lastKnownFileType = sourcecode.swift; path = Event.swift; sourceTree = "<group>"; };
/* End PBXFileReference section */

/* Begin PBXFrameworksBuildPhase section */
		1CFA07EC2388894900F3CFD6 /* Frameworks */ = {
			isa = PBXFrameworksBuildPhase;
			buildActionMask = 2147483647;
			files = (
				D32AE5BFCB4A136129A8D70B /* Pods_BlockClubCalenderTests2.framework in Frameworks */,
			);
			runOnlyForDeploymentPostprocessing = 0;
		};
		1CFA0800238889EC00F3CFD6 /* Frameworks */ = {
			isa = PBXFrameworksBuildPhase;
			buildActionMask = 2147483647;
			files = (
				1CFA0810238892A700F3CFD6 /* Pods_BlockClubCalender.framework in Frameworks */,
			);
			runOnlyForDeploymentPostprocessing = 0;
		};
		DDC8A67723803B4800BD4F95 /* Frameworks */ = {
			isa = PBXFrameworksBuildPhase;
			buildActionMask = 2147483647;
			files = (
				1659CDAB794DD9EA2FCDBBB0 /* Pods_BlockClubCalender.framework in Frameworks */,
			);
			runOnlyForDeploymentPostprocessing = 0;
		};
/* End PBXFrameworksBuildPhase section */

/* Begin PBXGroup section */
		1CFA07F02388894900F3CFD6 /* BlockClubCalenderTests2 */ = {
			isa = PBXGroup;
			children = (
				1CFA07F12388894900F3CFD6 /* BlockClubCalenderTests2.swift */,
				1CFA07FD2388897900F3CFD6 /* BadMockData.json */,
				1CFA07FE2388897D00F3CFD6 /* GoodMockData.json */,
				1CFA07F32388894900F3CFD6 /* Info.plist */,
			);
			path = BlockClubCalenderTests2;
			sourceTree = "<group>";
		};
		1CFA0804238889EC00F3CFD6 /* BlockClubCalenderUITests2 */ = {
			isa = PBXGroup;
			children = (
				1CFA0805238889EC00F3CFD6 /* BlockClubCalenderUITests2.swift */,
				1CFA07FB2388896600F3CFD6 /* MockData.swift */,
				1CFA07F92388896200F3CFD6 /* MDL.swift */,
				1CFA0807238889EC00F3CFD6 /* Info.plist */,
			);
			path = BlockClubCalenderUITests2;
			sourceTree = "<group>";
		};
		1E7A4A9A6350F470064935F2 /* Frameworks */ = {
			isa = PBXGroup;
			children = (
				B56815C7842927F229CB0286 /* Pods_BlockClubCalender.framework */,
				5289E650F857D29784123077 /* Pods_BlockClubCalender_BlockClubCalenderUITests2.framework */,
				CA5E8A5FACA6DE0048D4EAE4 /* Pods_BlockClubCalenderTests2.framework */,
			);
			name = Frameworks;
			sourceTree = "<group>";
		};
		2F0DCA7654FCE3D50E8614AE /* Pods */ = {
			isa = PBXGroup;
			children = (
				0FFA598F16E38D55A720176B /* Pods-BlockClubCalender.debug.xcconfig */,
				0B7DE4E4C62111D9E72CC83D /* Pods-BlockClubCalender.release.xcconfig */,
				16361FC07453AFAE8B9CE6B4 /* Pods-BlockClubCalender-BlockClubCalenderUITests2.debug.xcconfig */,
				ACBB72D8A83822171C70E1E8 /* Pods-BlockClubCalender-BlockClubCalenderUITests2.release.xcconfig */,
				5DC3875D2829945CD1101F44 /* Pods-BlockClubCalenderTests2.debug.xcconfig */,
				B0BF7F665F1455E9897EB2A1 /* Pods-BlockClubCalenderTests2.release.xcconfig */,
			);
			path = Pods;
			sourceTree = "<group>";
		};
		DDC8A67123803B4800BD4F95 = {
			isa = PBXGroup;
			children = (
				DDC8A67C23803B4800BD4F95 /* BlockCLubCalender */,
				1CFA07F02388894900F3CFD6 /* BlockClubCalenderTests2 */,
				1CFA0804238889EC00F3CFD6 /* BlockClubCalenderUITests2 */,
				DDC8A67B23803B4800BD4F95 /* Products */,
				2F0DCA7654FCE3D50E8614AE /* Pods */,
				1E7A4A9A6350F470064935F2 /* Frameworks */,
			);
			sourceTree = "<group>";
		};
		DDC8A67B23803B4800BD4F95 /* Products */ = {
			isa = PBXGroup;
			children = (
				DDC8A67A23803B4800BD4F95 /* BlockClubCalender.app */,
				1CFA07EF2388894900F3CFD6 /* BlockClubCalenderTests2.xctest */,
				1CFA0803238889EC00F3CFD6 /* BlockClubCalenderUITests2.xctest */,
			);
			name = Products;
			sourceTree = "<group>";
		};
		DDC8A67C23803B4800BD4F95 /* BlockCLubCalender */ = {
			isa = PBXGroup;
			children = (
				1C9F26CE238881CF0090A955 /* BlockClubCalenderTests */,
				1C9F26CF238881CF0090A955 /* BlockClubCalenderUITests */,
				DDC8A69723803DAA00BD4F95 /* Storyboards */,
				DDC8A69623803D9400BD4F95 /* Resources */,
				DDC8A69523803D5900BD4F95 /* Extensions */,
				DDC8A69423803D2100BD4F95 /* Views */,
				DDC8A69323803D1100BD4F95 /* Core Data */,
				DDC8A69F2380462800BD4F95 /* Model Controllers */,
				DDC8A69223803D0800BD4F95 /* Models */,
				DDC8A69123803CFD00BD4F95 /* View Controllers */,
				DDC8A68623803B4800BD4F95 /* Assets.xcassets */,
			);
			path = BlockCLubCalender;
			sourceTree = "<group>";
		};
		DDC8A69123803CFD00BD4F95 /* View Controllers */ = {
			isa = PBXGroup;
			children = (
				DD66229123839E3400604838 /* SignupViewController.swift */,
				DD6622952383A02800604838 /* EventsTableViewController.swift */,
				DD7779DD23849C5D00AABF66 /* EventDetailViewController.swift */,
				DDC21F6623847AF800C5795A /* AddEventViewController.swift */,
				DD66228F23839B1500604838 /* LoginViewController.swift */,
				DD66228B2383996A00604838 /* ProfileViewController.swift */,
			);
			path = "View Controllers";
			sourceTree = "<group>";
		};
		DDC8A69223803D0800BD4F95 /* Models */ = {
			isa = PBXGroup;
			children = (
				DD6622972383A3DC00604838 /* EventRepresentation.swift */,
				DDAD1EBA2386EB7200E348D1 /* UserRepresentation.swift */,
				DD34165A2385F3E300359AC1 /* BearerToken.swift */,
			);
			path = Models;
			sourceTree = "<group>";
		};
		DDC8A69323803D1100BD4F95 /* Core Data */ = {
			isa = PBXGroup;
			children = (
				DD7779DF2384FBBD00AABF66 /* BlockClubCalender.xcdatamodeld */,
				DDC8A69B238043CC00BD4F95 /* CoreDataStack.swift */,
				DDAD1EB62386E35E00E348D1 /* User.swift */,
				DDC8A6A423805FE400BD4F95 /* Event.swift */,
			);
			path = "Core Data";
			sourceTree = "<group>";
		};
		DDC8A69423803D2100BD4F95 /* Views */ = {
			isa = PBXGroup;
			children = (
				DD6622932383A00B00604838 /* EventTableViewCell.swift */,
			);
			path = Views;
			sourceTree = "<group>";
		};
		DDC8A69523803D5900BD4F95 /* Extensions */ = {
			isa = PBXGroup;
			children = (
				DDC8A69D238044F800BD4F95 /* NSManagedContext.swift */,
			);
			path = Extensions;
			sourceTree = "<group>";
		};
		DDC8A69623803D9400BD4F95 /* Resources */ = {
			isa = PBXGroup;
			children = (
				DDC8A68B23803B4800BD4F95 /* Info.plist */,
				DDC8A67D23803B4800BD4F95 /* AppDelegate.swift */,
				DDC8A67F23803B4800BD4F95 /* SceneDelegate.swift */,
			);
			path = Resources;
			sourceTree = "<group>";
		};
		DDC8A69723803DAA00BD4F95 /* Storyboards */ = {
			isa = PBXGroup;
			children = (
				DDC8A68823803B4800BD4F95 /* LaunchScreen.storyboard */,
				DD6622832383609900604838 /* LoginScreen.storyboard */,
				DD6622872383622C00604838 /* Signup.storyboard */,
				DDC8A68323803B4800BD4F95 /* Main.storyboard */,
			);
			path = Storyboards;
			sourceTree = "<group>";
		};
		DDC8A69F2380462800BD4F95 /* Model Controllers */ = {
			isa = PBXGroup;
			children = (
				DDC21F6223846ABE00C5795A /* CommunityMemberController.swift */,
			);
			path = "Model Controllers";
			sourceTree = "<group>";
		};
/* End PBXGroup section */

/* Begin PBXNativeTarget section */
		1CFA07EE2388894900F3CFD6 /* BlockClubCalenderTests2 */ = {
			isa = PBXNativeTarget;
			buildConfigurationList = 1CFA07F62388894900F3CFD6 /* Build configuration list for PBXNativeTarget "BlockClubCalenderTests2" */;
			buildPhases = (
				F56088B3225310D1C19BBCEB /* [CP] Check Pods Manifest.lock */,
				1CFA07EB2388894900F3CFD6 /* Sources */,
				1CFA07EC2388894900F3CFD6 /* Frameworks */,
				1CFA07ED2388894900F3CFD6 /* Resources */,
			);
			buildRules = (
			);
			dependencies = (
				1CFA07F52388894900F3CFD6 /* PBXTargetDependency */,
			);
			name = BlockClubCalenderTests2;
			productName = BlockClubCalenderTests2;
			productReference = 1CFA07EF2388894900F3CFD6 /* BlockClubCalenderTests2.xctest */;
			productType = "com.apple.product-type.bundle.unit-test";
		};
		1CFA0802238889EC00F3CFD6 /* BlockClubCalenderUITests2 */ = {
			isa = PBXNativeTarget;
			buildConfigurationList = 1CFA080A238889EC00F3CFD6 /* Build configuration list for PBXNativeTarget "BlockClubCalenderUITests2" */;
			buildPhases = (
				E3C393995C3D0515B02814A5 /* [CP] Check Pods Manifest.lock */,
				1CFA080F23888B9F00F3CFD6 /* ShellScript */,
				1CFA07FF238889EC00F3CFD6 /* Sources */,
				1CFA0800238889EC00F3CFD6 /* Frameworks */,
				1CFA0801238889EC00F3CFD6 /* Resources */,
			);
			buildRules = (
			);
			dependencies = (
				1CFA0809238889EC00F3CFD6 /* PBXTargetDependency */,
			);
			name = BlockClubCalenderUITests2;
			productName = BlockClubCalenderUITests2;
			productReference = 1CFA0803238889EC00F3CFD6 /* BlockClubCalenderUITests2.xctest */;
			productType = "com.apple.product-type.bundle.ui-testing";
		};
		DDC8A67923803B4800BD4F95 /* BlockClubCalender */ = {
			isa = PBXNativeTarget;
			buildConfigurationList = DDC8A68E23803B4800BD4F95 /* Build configuration list for PBXNativeTarget "BlockClubCalender" */;
			buildPhases = (
				FBD3363186D6E9F075414325 /* [CP] Check Pods Manifest.lock */,
				DDC8A67623803B4800BD4F95 /* Sources */,
				DDC8A67723803B4800BD4F95 /* Frameworks */,
				DDC8A67823803B4800BD4F95 /* Resources */,
			);
			buildRules = (
			);
			dependencies = (
			);
			name = BlockClubCalender;
			productName = BlockClubCalender;
			productReference = DDC8A67A23803B4800BD4F95 /* BlockClubCalender.app */;
			productType = "com.apple.product-type.application";
		};
/* End PBXNativeTarget section */

/* Begin PBXProject section */
		DDC8A67223803B4800BD4F95 /* Project object */ = {
			isa = PBXProject;
			attributes = {
				LastSwiftUpdateCheck = 1120;
				LastUpgradeCheck = 1120;
				ORGANIZATIONNAME = "brian vilchez";
				TargetAttributes = {
					1CFA07EE2388894900F3CFD6 = {
						CreatedOnToolsVersion = 11.2;
						TestTargetID = DDC8A67923803B4800BD4F95;
					};
					1CFA0802238889EC00F3CFD6 = {
						CreatedOnToolsVersion = 11.2;
						TestTargetID = DDC8A67923803B4800BD4F95;
					};
					DDC8A67923803B4800BD4F95 = {
						CreatedOnToolsVersion = 11.2.1;
					};
				};
			};
			buildConfigurationList = DDC8A67523803B4800BD4F95 /* Build configuration list for PBXProject "BlockClubCalender" */;
			compatibilityVersion = "Xcode 9.3";
			developmentRegion = en;
			hasScannedForEncodings = 0;
			knownRegions = (
				en,
				Base,
			);
			mainGroup = DDC8A67123803B4800BD4F95;
			productRefGroup = DDC8A67B23803B4800BD4F95 /* Products */;
			projectDirPath = "";
			projectRoot = "";
			targets = (
				DDC8A67923803B4800BD4F95 /* BlockClubCalender */,
				1CFA07EE2388894900F3CFD6 /* BlockClubCalenderTests2 */,
				1CFA0802238889EC00F3CFD6 /* BlockClubCalenderUITests2 */,
			);
		};
/* End PBXProject section */

/* Begin PBXResourcesBuildPhase section */
		1CFA07ED2388894900F3CFD6 /* Resources */ = {
			isa = PBXResourcesBuildPhase;
			buildActionMask = 2147483647;
			files = (
			);
			runOnlyForDeploymentPostprocessing = 0;
		};
		1CFA0801238889EC00F3CFD6 /* Resources */ = {
			isa = PBXResourcesBuildPhase;
			buildActionMask = 2147483647;
			files = (
			);
			runOnlyForDeploymentPostprocessing = 0;
		};
		DDC8A67823803B4800BD4F95 /* Resources */ = {
			isa = PBXResourcesBuildPhase;
			buildActionMask = 2147483647;
			files = (
				DDC8A68A23803B4800BD4F95 /* LaunchScreen.storyboard in Resources */,
				DDC8A68723803B4800BD4F95 /* Assets.xcassets in Resources */,
				DD6622842383609900604838 /* LoginScreen.storyboard in Resources */,
				DD6622882383622C00604838 /* Signup.storyboard in Resources */,
				1C9F26D1238881D00090A955 /* BlockClubCalenderUITests in Resources */,
				1C9F26D0238881D00090A955 /* BlockClubCalenderTests in Resources */,
				DDC8A68523803B4800BD4F95 /* Main.storyboard in Resources */,
			);
			runOnlyForDeploymentPostprocessing = 0;
		};
/* End PBXResourcesBuildPhase section */

/* Begin PBXShellScriptBuildPhase section */
		1CFA080F23888B9F00F3CFD6 /* ShellScript */ = {
			isa = PBXShellScriptBuildPhase;
			buildActionMask = 2147483647;
			files = (
			);
			inputFileListPaths = (
			);
			inputPaths = (
			);
			outputFileListPaths = (
			);
			outputPaths = (
			);
			runOnlyForDeploymentPostprocessing = 0;
			shellPath = /bin/sh;
			shellScript = "\"${PODS_Root}/SwiftLint/swiftlint\"\n";
		};
		E3C393995C3D0515B02814A5 /* [CP] Check Pods Manifest.lock */ = {
			isa = PBXShellScriptBuildPhase;
			buildActionMask = 2147483647;
			files = (
			);
			inputFileListPaths = (
			);
			inputPaths = (
				"${PODS_PODFILE_DIR_PATH}/Podfile.lock",
				"${PODS_ROOT}/Manifest.lock",
			);
			name = "[CP] Check Pods Manifest.lock";
			outputFileListPaths = (
			);
			outputPaths = (
				"$(DERIVED_FILE_DIR)/Pods-BlockClubCalender-BlockClubCalenderUITests2-checkManifestLockResult.txt",
			);
			runOnlyForDeploymentPostprocessing = 0;
			shellPath = /bin/sh;
			shellScript = "diff \"${PODS_PODFILE_DIR_PATH}/Podfile.lock\" \"${PODS_ROOT}/Manifest.lock\" > /dev/null\nif [ $? != 0 ] ; then\n    # print error to STDERR\n    echo \"error: The sandbox is not in sync with the Podfile.lock. Run 'pod install' or update your CocoaPods installation.\" >&2\n    exit 1\nfi\n# This output is used by Xcode 'outputs' to avoid re-running this script phase.\necho \"SUCCESS\" > \"${SCRIPT_OUTPUT_FILE_0}\"\n";
			showEnvVarsInLog = 0;
		};
		F56088B3225310D1C19BBCEB /* [CP] Check Pods Manifest.lock */ = {
			isa = PBXShellScriptBuildPhase;
			buildActionMask = 2147483647;
			files = (
			);
			inputFileListPaths = (
			);
			inputPaths = (
				"${PODS_PODFILE_DIR_PATH}/Podfile.lock",
				"${PODS_ROOT}/Manifest.lock",
			);
			name = "[CP] Check Pods Manifest.lock";
			outputFileListPaths = (
			);
			outputPaths = (
				"$(DERIVED_FILE_DIR)/Pods-BlockClubCalenderTests2-checkManifestLockResult.txt",
			);
			runOnlyForDeploymentPostprocessing = 0;
			shellPath = /bin/sh;
			shellScript = "diff \"${PODS_PODFILE_DIR_PATH}/Podfile.lock\" \"${PODS_ROOT}/Manifest.lock\" > /dev/null\nif [ $? != 0 ] ; then\n    # print error to STDERR\n    echo \"error: The sandbox is not in sync with the Podfile.lock. Run 'pod install' or update your CocoaPods installation.\" >&2\n    exit 1\nfi\n# This output is used by Xcode 'outputs' to avoid re-running this script phase.\necho \"SUCCESS\" > \"${SCRIPT_OUTPUT_FILE_0}\"\n";
			showEnvVarsInLog = 0;
		};
		FBD3363186D6E9F075414325 /* [CP] Check Pods Manifest.lock */ = {
			isa = PBXShellScriptBuildPhase;
			buildActionMask = 2147483647;
			files = (
			);
			inputFileListPaths = (
			);
			inputPaths = (
				"${PODS_PODFILE_DIR_PATH}/Podfile.lock",
				"${PODS_ROOT}/Manifest.lock",
			);
			name = "[CP] Check Pods Manifest.lock";
			outputFileListPaths = (
			);
			outputPaths = (
				"$(DERIVED_FILE_DIR)/Pods-BlockClubCalender-checkManifestLockResult.txt",
			);
			runOnlyForDeploymentPostprocessing = 0;
			shellPath = /bin/sh;
			shellScript = "diff \"${PODS_PODFILE_DIR_PATH}/Podfile.lock\" \"${PODS_ROOT}/Manifest.lock\" > /dev/null\nif [ $? != 0 ] ; then\n    # print error to STDERR\n    echo \"error: The sandbox is not in sync with the Podfile.lock. Run 'pod install' or update your CocoaPods installation.\" >&2\n    exit 1\nfi\n# This output is used by Xcode 'outputs' to avoid re-running this script phase.\necho \"SUCCESS\" > \"${SCRIPT_OUTPUT_FILE_0}\"\n";
			showEnvVarsInLog = 0;
		};
/* End PBXShellScriptBuildPhase section */

/* Begin PBXSourcesBuildPhase section */
		1CFA07EB2388894900F3CFD6 /* Sources */ = {
			isa = PBXSourcesBuildPhase;
			buildActionMask = 2147483647;
			files = (
				1CFA07F22388894900F3CFD6 /* BlockClubCalenderTests2.swift in Sources */,
			);
			runOnlyForDeploymentPostprocessing = 0;
		};
		1CFA07FF238889EC00F3CFD6 /* Sources */ = {
			isa = PBXSourcesBuildPhase;
			buildActionMask = 2147483647;
			files = (
				1CFA0806238889EC00F3CFD6 /* BlockClubCalenderUITests2.swift in Sources */,
				1CFA080E23888A8300F3CFD6 /* MockData.swift in Sources */,
				1CFA080D23888A7F00F3CFD6 /* MDL.swift in Sources */,
			);
			runOnlyForDeploymentPostprocessing = 0;
		};
		DDC8A67623803B4800BD4F95 /* Sources */ = {
			isa = PBXSourcesBuildPhase;
			buildActionMask = 2147483647;
			files = (
				DD34165B2385F3E300359AC1 /* BearerToken.swift in Sources */,
				DD66229023839B1500604838 /* LoginViewController.swift in Sources */,
				DD7779E12384FBBD00AABF66 /* BlockClubCalender.xcdatamodeld in Sources */,
				DDC21F6723847AF800C5795A /* AddEventViewController.swift in Sources */,
				DD6622962383A02800604838 /* EventsTableViewController.swift in Sources */,
				DDC8A6A523805FE400BD4F95 /* Event.swift in Sources */,
				DD6622982383A3DC00604838 /* EventRepresentation.swift in Sources */,
				DDC8A69E238044F800BD4F95 /* NSManagedContext.swift in Sources */,
				DD66228C2383996A00604838 /* ProfileViewController.swift in Sources */,
				DDC21F6323846ABE00C5795A /* CommunityMemberController.swift in Sources */,
				DD6622942383A00B00604838 /* EventTableViewCell.swift in Sources */,
				DDC8A67E23803B4800BD4F95 /* AppDelegate.swift in Sources */,
				DD7779DE23849C5D00AABF66 /* EventDetailViewController.swift in Sources */,
				DDC8A68023803B4800BD4F95 /* SceneDelegate.swift in Sources */,
				DD66229223839E3400604838 /* SignupViewController.swift in Sources */,
				DDC8A69C238043CC00BD4F95 /* CoreDataStack.swift in Sources */,
				DDAD1EBB2386EB7200E348D1 /* UserRepresentation.swift in Sources */,
				DDAD1EB72386E35E00E348D1 /* User.swift in Sources */,
			);
			runOnlyForDeploymentPostprocessing = 0;
		};
/* End PBXSourcesBuildPhase section */

/* Begin PBXTargetDependency section */
		1CFA07F52388894900F3CFD6 /* PBXTargetDependency */ = {
			isa = PBXTargetDependency;
			target = DDC8A67923803B4800BD4F95 /* BlockClubCalender */;
			targetProxy = 1CFA07F42388894900F3CFD6 /* PBXContainerItemProxy */;
		};
		1CFA0809238889EC00F3CFD6 /* PBXTargetDependency */ = {
			isa = PBXTargetDependency;
			target = DDC8A67923803B4800BD4F95 /* BlockClubCalender */;
			targetProxy = 1CFA0808238889EC00F3CFD6 /* PBXContainerItemProxy */;
		};
/* End PBXTargetDependency section */

/* Begin PBXVariantGroup section */
		DDC8A68323803B4800BD4F95 /* Main.storyboard */ = {
			isa = PBXVariantGroup;
			children = (
				DDC8A68423803B4800BD4F95 /* Base */,
			);
			name = Main.storyboard;
			sourceTree = "<group>";
		};
		DDC8A68823803B4800BD4F95 /* LaunchScreen.storyboard */ = {
			isa = PBXVariantGroup;
			children = (
				DDC8A68923803B4800BD4F95 /* Base */,
			);
			name = LaunchScreen.storyboard;
			sourceTree = "<group>";
		};
/* End PBXVariantGroup section */

/* Begin XCBuildConfiguration section */
		1CFA07F72388894900F3CFD6 /* Debug */ = {
			isa = XCBuildConfiguration;
			baseConfigurationReference = 5DC3875D2829945CD1101F44 /* Pods-BlockClubCalenderTests2.debug.xcconfig */;
			buildSettings = {
				BUNDLE_LOADER = "$(TEST_HOST)";
				CODE_SIGN_STYLE = Automatic;
				INFOPLIST_FILE = BlockClubCalenderTests2/Info.plist;
				LD_RUNPATH_SEARCH_PATHS = (
					"$(inherited)",
					"@executable_path/Frameworks",
					"@loader_path/Frameworks",
				);
				PRODUCT_BUNDLE_IDENTIFIER = com.jerryhaaser.BlockClubCalenderTests2;
				PRODUCT_NAME = "$(TARGET_NAME)";
				SWIFT_VERSION = 5.0;
				TARGETED_DEVICE_FAMILY = "1,2";
				TEST_HOST = "$(BUILT_PRODUCTS_DIR)/BlockClubCalender.app/BlockClubCalender";
			};
			name = Debug;
		};
		1CFA07F82388894900F3CFD6 /* Release */ = {
			isa = XCBuildConfiguration;
			baseConfigurationReference = B0BF7F665F1455E9897EB2A1 /* Pods-BlockClubCalenderTests2.release.xcconfig */;
			buildSettings = {
				BUNDLE_LOADER = "$(TEST_HOST)";
				CODE_SIGN_STYLE = Automatic;
				INFOPLIST_FILE = BlockClubCalenderTests2/Info.plist;
				LD_RUNPATH_SEARCH_PATHS = (
					"$(inherited)",
					"@executable_path/Frameworks",
					"@loader_path/Frameworks",
				);
				PRODUCT_BUNDLE_IDENTIFIER = com.jerryhaaser.BlockClubCalenderTests2;
				PRODUCT_NAME = "$(TARGET_NAME)";
				SWIFT_VERSION = 5.0;
				TARGETED_DEVICE_FAMILY = "1,2";
				TEST_HOST = "$(BUILT_PRODUCTS_DIR)/BlockClubCalender.app/BlockClubCalender";
			};
			name = Release;
		};
		1CFA080B238889EC00F3CFD6 /* Debug */ = {
			isa = XCBuildConfiguration;
			baseConfigurationReference = 16361FC07453AFAE8B9CE6B4 /* Pods-BlockClubCalender-BlockClubCalenderUITests2.debug.xcconfig */;
			buildSettings = {
				CODE_SIGN_STYLE = Automatic;
				INFOPLIST_FILE = BlockClubCalenderUITests2/Info.plist;
				LD_RUNPATH_SEARCH_PATHS = (
					"$(inherited)",
					"@executable_path/Frameworks",
					"@loader_path/Frameworks",
				);
				PRODUCT_BUNDLE_IDENTIFIER = com.jerryhaaser.BlockClubCalenderUITests2;
				PRODUCT_NAME = "$(TARGET_NAME)";
				SWIFT_VERSION = 5.0;
				TARGETED_DEVICE_FAMILY = "1,2";
				TEST_TARGET_NAME = BlockClubCalender;
			};
			name = Debug;
		};
		1CFA080C238889EC00F3CFD6 /* Release */ = {
			isa = XCBuildConfiguration;
			baseConfigurationReference = ACBB72D8A83822171C70E1E8 /* Pods-BlockClubCalender-BlockClubCalenderUITests2.release.xcconfig */;
			buildSettings = {
				CODE_SIGN_STYLE = Automatic;
				INFOPLIST_FILE = BlockClubCalenderUITests2/Info.plist;
				LD_RUNPATH_SEARCH_PATHS = (
					"$(inherited)",
					"@executable_path/Frameworks",
					"@loader_path/Frameworks",
				);
				PRODUCT_BUNDLE_IDENTIFIER = com.jerryhaaser.BlockClubCalenderUITests2;
				PRODUCT_NAME = "$(TARGET_NAME)";
				SWIFT_VERSION = 5.0;
				TARGETED_DEVICE_FAMILY = "1,2";
				TEST_TARGET_NAME = BlockClubCalender;
			};
			name = Release;
		};
		DDC8A68C23803B4800BD4F95 /* Debug */ = {
			isa = XCBuildConfiguration;
			buildSettings = {
				ALWAYS_SEARCH_USER_PATHS = NO;
				CLANG_ANALYZER_NONNULL = YES;
				CLANG_ANALYZER_NUMBER_OBJECT_CONVERSION = YES_AGGRESSIVE;
				CLANG_CXX_LANGUAGE_STANDARD = "gnu++14";
				CLANG_CXX_LIBRARY = "libc++";
				CLANG_ENABLE_MODULES = YES;
				CLANG_ENABLE_OBJC_ARC = YES;
				CLANG_ENABLE_OBJC_WEAK = YES;
				CLANG_WARN_BLOCK_CAPTURE_AUTORELEASING = YES;
				CLANG_WARN_BOOL_CONVERSION = YES;
				CLANG_WARN_COMMA = YES;
				CLANG_WARN_CONSTANT_CONVERSION = YES;
				CLANG_WARN_DEPRECATED_OBJC_IMPLEMENTATIONS = YES;
				CLANG_WARN_DIRECT_OBJC_ISA_USAGE = YES_ERROR;
				CLANG_WARN_DOCUMENTATION_COMMENTS = YES;
				CLANG_WARN_EMPTY_BODY = YES;
				CLANG_WARN_ENUM_CONVERSION = YES;
				CLANG_WARN_INFINITE_RECURSION = YES;
				CLANG_WARN_INT_CONVERSION = YES;
				CLANG_WARN_NON_LITERAL_NULL_CONVERSION = YES;
				CLANG_WARN_OBJC_IMPLICIT_RETAIN_SELF = YES;
				CLANG_WARN_OBJC_LITERAL_CONVERSION = YES;
				CLANG_WARN_OBJC_ROOT_CLASS = YES_ERROR;
				CLANG_WARN_RANGE_LOOP_ANALYSIS = YES;
				CLANG_WARN_STRICT_PROTOTYPES = YES;
				CLANG_WARN_SUSPICIOUS_MOVE = YES;
				CLANG_WARN_UNGUARDED_AVAILABILITY = YES_AGGRESSIVE;
				CLANG_WARN_UNREACHABLE_CODE = YES;
				CLANG_WARN__DUPLICATE_METHOD_MATCH = YES;
				COPY_PHASE_STRIP = NO;
				DEBUG_INFORMATION_FORMAT = dwarf;
				ENABLE_STRICT_OBJC_MSGSEND = YES;
				ENABLE_TESTABILITY = YES;
				GCC_C_LANGUAGE_STANDARD = gnu11;
				GCC_DYNAMIC_NO_PIC = NO;
				GCC_NO_COMMON_BLOCKS = YES;
				GCC_OPTIMIZATION_LEVEL = 0;
				GCC_PREPROCESSOR_DEFINITIONS = (
					"DEBUG=1",
					"$(inherited)",
				);
				GCC_WARN_64_TO_32_BIT_CONVERSION = YES;
				GCC_WARN_ABOUT_RETURN_TYPE = YES_ERROR;
				GCC_WARN_UNDECLARED_SELECTOR = YES;
				GCC_WARN_UNINITIALIZED_AUTOS = YES_AGGRESSIVE;
				GCC_WARN_UNUSED_FUNCTION = YES;
				GCC_WARN_UNUSED_VARIABLE = YES;
				IPHONEOS_DEPLOYMENT_TARGET = 13.2;
				MTL_ENABLE_DEBUG_INFO = INCLUDE_SOURCE;
				MTL_FAST_MATH = YES;
				ONLY_ACTIVE_ARCH = YES;
				SDKROOT = iphoneos;
				SWIFT_ACTIVE_COMPILATION_CONDITIONS = DEBUG;
				SWIFT_OPTIMIZATION_LEVEL = "-Onone";
			};
			name = Debug;
		};
		DDC8A68D23803B4800BD4F95 /* Release */ = {
			isa = XCBuildConfiguration;
			buildSettings = {
				ALWAYS_SEARCH_USER_PATHS = NO;
				CLANG_ANALYZER_NONNULL = YES;
				CLANG_ANALYZER_NUMBER_OBJECT_CONVERSION = YES_AGGRESSIVE;
				CLANG_CXX_LANGUAGE_STANDARD = "gnu++14";
				CLANG_CXX_LIBRARY = "libc++";
				CLANG_ENABLE_MODULES = YES;
				CLANG_ENABLE_OBJC_ARC = YES;
				CLANG_ENABLE_OBJC_WEAK = YES;
				CLANG_WARN_BLOCK_CAPTURE_AUTORELEASING = YES;
				CLANG_WARN_BOOL_CONVERSION = YES;
				CLANG_WARN_COMMA = YES;
				CLANG_WARN_CONSTANT_CONVERSION = YES;
				CLANG_WARN_DEPRECATED_OBJC_IMPLEMENTATIONS = YES;
				CLANG_WARN_DIRECT_OBJC_ISA_USAGE = YES_ERROR;
				CLANG_WARN_DOCUMENTATION_COMMENTS = YES;
				CLANG_WARN_EMPTY_BODY = YES;
				CLANG_WARN_ENUM_CONVERSION = YES;
				CLANG_WARN_INFINITE_RECURSION = YES;
				CLANG_WARN_INT_CONVERSION = YES;
				CLANG_WARN_NON_LITERAL_NULL_CONVERSION = YES;
				CLANG_WARN_OBJC_IMPLICIT_RETAIN_SELF = YES;
				CLANG_WARN_OBJC_LITERAL_CONVERSION = YES;
				CLANG_WARN_OBJC_ROOT_CLASS = YES_ERROR;
				CLANG_WARN_RANGE_LOOP_ANALYSIS = YES;
				CLANG_WARN_STRICT_PROTOTYPES = YES;
				CLANG_WARN_SUSPICIOUS_MOVE = YES;
				CLANG_WARN_UNGUARDED_AVAILABILITY = YES_AGGRESSIVE;
				CLANG_WARN_UNREACHABLE_CODE = YES;
				CLANG_WARN__DUPLICATE_METHOD_MATCH = YES;
				COPY_PHASE_STRIP = NO;
				DEBUG_INFORMATION_FORMAT = "dwarf-with-dsym";
				ENABLE_NS_ASSERTIONS = NO;
				ENABLE_STRICT_OBJC_MSGSEND = YES;
				GCC_C_LANGUAGE_STANDARD = gnu11;
				GCC_NO_COMMON_BLOCKS = YES;
				GCC_WARN_64_TO_32_BIT_CONVERSION = YES;
				GCC_WARN_ABOUT_RETURN_TYPE = YES_ERROR;
				GCC_WARN_UNDECLARED_SELECTOR = YES;
				GCC_WARN_UNINITIALIZED_AUTOS = YES_AGGRESSIVE;
				GCC_WARN_UNUSED_FUNCTION = YES;
				GCC_WARN_UNUSED_VARIABLE = YES;
				IPHONEOS_DEPLOYMENT_TARGET = 13.2;
				MTL_ENABLE_DEBUG_INFO = NO;
				MTL_FAST_MATH = YES;
				SDKROOT = iphoneos;
				SWIFT_COMPILATION_MODE = wholemodule;
				SWIFT_OPTIMIZATION_LEVEL = "-O";
				VALIDATE_PRODUCT = YES;
			};
			name = Release;
		};
		DDC8A68F23803B4800BD4F95 /* Debug */ = {
			isa = XCBuildConfiguration;
			baseConfigurationReference = 0FFA598F16E38D55A720176B /* Pods-BlockClubCalender.debug.xcconfig */;
			buildSettings = {
				ASSETCATALOG_COMPILER_APPICON_NAME = AppIcon;
				CODE_SIGN_STYLE = Automatic;
				DEVELOPMENT_TEAM = 8P7A77YCZV;
				INFOPLIST_FILE = BlockClubCalender/Resources/Info.plist;
				LD_RUNPATH_SEARCH_PATHS = (
					"$(inherited)",
					"@executable_path/Frameworks",
				);
				PRODUCT_BUNDLE_IDENTIFIER = brianvilchez.BlockClubCalender;
				PRODUCT_NAME = "$(TARGET_NAME)";
				SWIFT_VERSION = 5.0;
				TARGETED_DEVICE_FAMILY = "1,2";
			};
			name = Debug;
		};
		DDC8A69023803B4800BD4F95 /* Release */ = {
			isa = XCBuildConfiguration;
			baseConfigurationReference = 0B7DE4E4C62111D9E72CC83D /* Pods-BlockClubCalender.release.xcconfig */;
			buildSettings = {
				ASSETCATALOG_COMPILER_APPICON_NAME = AppIcon;
				CODE_SIGN_STYLE = Automatic;
				DEVELOPMENT_TEAM = 8P7A77YCZV;
				INFOPLIST_FILE = BlockClubCalender/Resources/Info.plist;
				LD_RUNPATH_SEARCH_PATHS = (
					"$(inherited)",
					"@executable_path/Frameworks",
				);
				PRODUCT_BUNDLE_IDENTIFIER = brianvilchez.BlockClubCalender;
				PRODUCT_NAME = "$(TARGET_NAME)";
				SWIFT_VERSION = 5.0;
				TARGETED_DEVICE_FAMILY = "1,2";
			};
			name = Release;
		};
/* End XCBuildConfiguration section */

/* Begin XCConfigurationList section */
		1CFA07F62388894900F3CFD6 /* Build configuration list for PBXNativeTarget "BlockClubCalenderTests2" */ = {
			isa = XCConfigurationList;
			buildConfigurations = (
				1CFA07F72388894900F3CFD6 /* Debug */,
				1CFA07F82388894900F3CFD6 /* Release */,
			);
			defaultConfigurationIsVisible = 0;
			defaultConfigurationName = Release;
		};
		1CFA080A238889EC00F3CFD6 /* Build configuration list for PBXNativeTarget "BlockClubCalenderUITests2" */ = {
			isa = XCConfigurationList;
			buildConfigurations = (
				1CFA080B238889EC00F3CFD6 /* Debug */,
				1CFA080C238889EC00F3CFD6 /* Release */,
			);
			defaultConfigurationIsVisible = 0;
			defaultConfigurationName = Release;
		};
		DDC8A67523803B4800BD4F95 /* Build configuration list for PBXProject "BlockClubCalender" */ = {
			isa = XCConfigurationList;
			buildConfigurations = (
				DDC8A68C23803B4800BD4F95 /* Debug */,
				DDC8A68D23803B4800BD4F95 /* Release */,
			);
			defaultConfigurationIsVisible = 0;
			defaultConfigurationName = Release;
		};
		DDC8A68E23803B4800BD4F95 /* Build configuration list for PBXNativeTarget "BlockClubCalender" */ = {
			isa = XCConfigurationList;
			buildConfigurations = (
				DDC8A68F23803B4800BD4F95 /* Debug */,
				DDC8A69023803B4800BD4F95 /* Release */,
			);
			defaultConfigurationIsVisible = 0;
			defaultConfigurationName = Release;
		};
/* End XCConfigurationList section */

/* Begin XCVersionGroup section */
		DD7779DF2384FBBD00AABF66 /* BlockClubCalender.xcdatamodeld */ = {
			isa = XCVersionGroup;
			children = (
				DD7779E02384FBBD00AABF66 /* BlockClubCalender.xcdatamodel */,
			);
			currentVersion = DD7779E02384FBBD00AABF66 /* BlockClubCalender.xcdatamodel */;
			path = BlockClubCalender.xcdatamodeld;
			sourceTree = "<group>";
			versionGroupType = wrapper.xcdatamodel;
		};
/* End XCVersionGroup section */
	};
	rootObject = DDC8A67223803B4800BD4F95 /* Project object */;
}
